// !$*UTF8*$!
{
	archiveVersion = 1;
	classes = {
	};
	objectVersion = 46;
	objects = {

/* Begin PBXBuildFile section */
		B90D90781CB2EBD000A4BC60 /* When.swift in Sources */ = {isa = PBXBuildFile; fileRef = B90D90771CB2EBD000A4BC60 /* When.swift */; };
		B90D907A1CB2EBDD00A4BC60 /* Entity.swift in Sources */ = {isa = PBXBuildFile; fileRef = B90D90791CB2EBDD00A4BC60 /* Entity.swift */; };
		B90D907C1CB2EEDD00A4BC60 /* Preference.swift in Sources */ = {isa = PBXBuildFile; fileRef = B90D907B1CB2EEDD00A4BC60 /* Preference.swift */; };
		B969D1C11CB5854F00A4ABD6 /* .gitignore in Resources */ = {isa = PBXBuildFile; fileRef = B969D1C01CB5854F00A4ABD6 /* .gitignore */; };
		B969D1FC1CB597C400A4ABD6 /* ImageCollectionViewCell.swift in Sources */ = {isa = PBXBuildFile; fileRef = B969D1FB1CB597C400A4ABD6 /* ImageCollectionViewCell.swift */; };
		B969D1FE1CB599D500A4ABD6 /* WhatViewController.swift in Sources */ = {isa = PBXBuildFile; fileRef = B969D1FD1CB599D500A4ABD6 /* WhatViewController.swift */; };
		B972E1231CAC50630004F3DC /* AppDelegate.swift in Sources */ = {isa = PBXBuildFile; fileRef = B972E1221CAC50630004F3DC /* AppDelegate.swift */; };
		B972E12D1CAC50630004F3DC /* LaunchScreen.storyboard in Resources */ = {isa = PBXBuildFile; fileRef = B972E12B1CAC50630004F3DC /* LaunchScreen.storyboard */; };
		B972E1381CAC50630004F3DC /* m8sTests.swift in Sources */ = {isa = PBXBuildFile; fileRef = B972E1371CAC50630004F3DC /* m8sTests.swift */; };
		B972E1431CAC50630004F3DC /* m8sUITests.swift in Sources */ = {isa = PBXBuildFile; fileRef = B972E1421CAC50630004F3DC /* m8sUITests.swift */; };
		B972E1531CAC50B30004F3DC /* WhenCollectionViewCell.swift in Sources */ = {isa = PBXBuildFile; fileRef = B972E1501CAC50B30004F3DC /* WhenCollectionViewCell.swift */; };
		B972E1541CAC50B30004F3DC /* ImageCollectionViewLayout.swift in Sources */ = {isa = PBXBuildFile; fileRef = B972E1511CAC50B30004F3DC /* ImageCollectionViewLayout.swift */; };
		B972E1551CAC50B30004F3DC /* WhenViewController.swift in Sources */ = {isa = PBXBuildFile; fileRef = B972E1521CAC50B30004F3DC /* WhenViewController.swift */; };
		B972E1571CAC50C80004F3DC /* Main.storyboard in Resources */ = {isa = PBXBuildFile; fileRef = B972E1561CAC50C80004F3DC /* Main.storyboard */; };
		B972E15D1CAC51150004F3DC /* Images.xcassets in Resources */ = {isa = PBXBuildFile; fileRef = B972E15C1CAC51150004F3DC /* Images.xcassets */; };
		B972E1661CAC56600004F3DC /* SWRevealViewController.m in Sources */ = {isa = PBXBuildFile; fileRef = B972E1651CAC56600004F3DC /* SWRevealViewController.m */; };
		B9DEFEBD1CAD96940068A356 /* FBSDKCoreKit.framework in Frameworks */ = {isa = PBXBuildFile; fileRef = B9DEFEBA1CAD96940068A356 /* FBSDKCoreKit.framework */; };
		B9DEFEBE1CAD96940068A356 /* FBSDKLoginKit.framework in Frameworks */ = {isa = PBXBuildFile; fileRef = B9DEFEBB1CAD96940068A356 /* FBSDKLoginKit.framework */; };
		B9DEFEBF1CAD96940068A356 /* FBSDKShareKit.framework in Frameworks */ = {isa = PBXBuildFile; fileRef = B9DEFEBC1CAD96940068A356 /* FBSDKShareKit.framework */; };
		B9DEFEC21CADAD6B0068A356 /* User.swift in Sources */ = {isa = PBXBuildFile; fileRef = B9DEFEC11CADAD6B0068A356 /* User.swift */; };
		B9DEFEC61CADD2B70068A356 /* LoginButton.swift in Sources */ = {isa = PBXBuildFile; fileRef = B9DEFEC51CADD2B70068A356 /* LoginButton.swift */; };
		B9DEFEC81CAE52030068A356 /* UserService.swift in Sources */ = {isa = PBXBuildFile; fileRef = B9DEFEC71CAE52030068A356 /* UserService.swift */; };
		B9DEFECA1CAE533E0068A356 /* Services.swift in Sources */ = {isa = PBXBuildFile; fileRef = B9DEFEC91CAE533E0068A356 /* Services.swift */; };
		B9DEFED01CB16A210068A356 /* MenuTableViewController.swift in Sources */ = {isa = PBXBuildFile; fileRef = B9DEFECF1CB16A210068A356 /* MenuTableViewController.swift */; };
/* End PBXBuildFile section */

/* Begin PBXContainerItemProxy section */
		B972E1341CAC50630004F3DC /* PBXContainerItemProxy */ = {
			isa = PBXContainerItemProxy;
			containerPortal = B972E1171CAC50630004F3DC /* Project object */;
			proxyType = 1;
			remoteGlobalIDString = B972E11E1CAC50630004F3DC;
			remoteInfo = m8s;
		};
		B972E13F1CAC50630004F3DC /* PBXContainerItemProxy */ = {
			isa = PBXContainerItemProxy;
			containerPortal = B972E1171CAC50630004F3DC /* Project object */;
			proxyType = 1;
			remoteGlobalIDString = B972E11E1CAC50630004F3DC;
			remoteInfo = m8s;
		};
/* End PBXContainerItemProxy section */

/* Begin PBXFileReference section */
		B90D90771CB2EBD000A4BC60 /* When.swift */ = {isa = PBXFileReference; fileEncoding = 4; lastKnownFileType = sourcecode.swift; path = When.swift; sourceTree = "<group>"; };
		B90D90791CB2EBDD00A4BC60 /* Entity.swift */ = {isa = PBXFileReference; fileEncoding = 4; lastKnownFileType = sourcecode.swift; path = Entity.swift; sourceTree = "<group>"; };
		B90D907B1CB2EEDD00A4BC60 /* Preference.swift */ = {isa = PBXFileReference; fileEncoding = 4; lastKnownFileType = sourcecode.swift; path = Preference.swift; sourceTree = "<group>"; };
		B969D1C01CB5854F00A4ABD6 /* .gitignore */ = {isa = PBXFileReference; fileEncoding = 4; lastKnownFileType = text; path = .gitignore; sourceTree = "<group>"; };
		B969D1FB1CB597C400A4ABD6 /* ImageCollectionViewCell.swift */ = {isa = PBXFileReference; fileEncoding = 4; lastKnownFileType = sourcecode.swift; path = ImageCollectionViewCell.swift; sourceTree = "<group>"; };
		B969D1FD1CB599D500A4ABD6 /* WhatViewController.swift */ = {isa = PBXFileReference; fileEncoding = 4; lastKnownFileType = sourcecode.swift; path = WhatViewController.swift; sourceTree = "<group>"; };
		B972E11F1CAC50630004F3DC /* m8s.app */ = {isa = PBXFileReference; explicitFileType = wrapper.application; includeInIndex = 0; path = m8s.app; sourceTree = BUILT_PRODUCTS_DIR; };
		B972E1221CAC50630004F3DC /* AppDelegate.swift */ = {isa = PBXFileReference; lastKnownFileType = sourcecode.swift; path = AppDelegate.swift; sourceTree = "<group>"; };
		B972E12C1CAC50630004F3DC /* Base */ = {isa = PBXFileReference; lastKnownFileType = file.storyboard; name = Base; path = Base.lproj/LaunchScreen.storyboard; sourceTree = "<group>"; };
		B972E12E1CAC50630004F3DC /* Info.plist */ = {isa = PBXFileReference; lastKnownFileType = text.plist.xml; path = Info.plist; sourceTree = "<group>"; };
		B972E1331CAC50630004F3DC /* m8sTests.xctest */ = {isa = PBXFileReference; explicitFileType = wrapper.cfbundle; includeInIndex = 0; path = m8sTests.xctest; sourceTree = BUILT_PRODUCTS_DIR; };
		B972E1371CAC50630004F3DC /* m8sTests.swift */ = {isa = PBXFileReference; lastKnownFileType = sourcecode.swift; path = m8sTests.swift; sourceTree = "<group>"; };
		B972E1391CAC50630004F3DC /* Info.plist */ = {isa = PBXFileReference; lastKnownFileType = text.plist.xml; path = Info.plist; sourceTree = "<group>"; };
		B972E13E1CAC50630004F3DC /* m8sUITests.xctest */ = {isa = PBXFileReference; explicitFileType = wrapper.cfbundle; includeInIndex = 0; path = m8sUITests.xctest; sourceTree = BUILT_PRODUCTS_DIR; };
		B972E1421CAC50630004F3DC /* m8sUITests.swift */ = {isa = PBXFileReference; lastKnownFileType = sourcecode.swift; path = m8sUITests.swift; sourceTree = "<group>"; };
		B972E1441CAC50630004F3DC /* Info.plist */ = {isa = PBXFileReference; lastKnownFileType = text.plist.xml; path = Info.plist; sourceTree = "<group>"; };
		B972E1501CAC50B30004F3DC /* WhenCollectionViewCell.swift */ = {isa = PBXFileReference; fileEncoding = 4; lastKnownFileType = sourcecode.swift; path = WhenCollectionViewCell.swift; sourceTree = "<group>"; };
		B972E1511CAC50B30004F3DC /* ImageCollectionViewLayout.swift */ = {isa = PBXFileReference; fileEncoding = 4; lastKnownFileType = sourcecode.swift; path = ImageCollectionViewLayout.swift; sourceTree = "<group>"; };
		B972E1521CAC50B30004F3DC /* WhenViewController.swift */ = {isa = PBXFileReference; fileEncoding = 4; lastKnownFileType = sourcecode.swift; path = WhenViewController.swift; sourceTree = "<group>"; };
		B972E1561CAC50C80004F3DC /* Main.storyboard */ = {isa = PBXFileReference; fileEncoding = 4; lastKnownFileType = file.storyboard; path = Main.storyboard; sourceTree = "<group>"; };
		B972E15C1CAC51150004F3DC /* Images.xcassets */ = {isa = PBXFileReference; lastKnownFileType = folder.assetcatalog; path = Images.xcassets; sourceTree = "<group>"; };
		B972E1631CAC565F0004F3DC /* m8s-Bridging-Header.h */ = {isa = PBXFileReference; lastKnownFileType = sourcecode.c.h; path = "m8s-Bridging-Header.h"; sourceTree = "<group>"; };
		B972E1641CAC56600004F3DC /* SWRevealViewController.h */ = {isa = PBXFileReference; fileEncoding = 4; lastKnownFileType = sourcecode.c.h; path = SWRevealViewController.h; sourceTree = "<group>"; };
		B972E1651CAC56600004F3DC /* SWRevealViewController.m */ = {isa = PBXFileReference; fileEncoding = 4; lastKnownFileType = sourcecode.c.objc; path = SWRevealViewController.m; sourceTree = "<group>"; };
		B9DEFEBA1CAD96940068A356 /* FBSDKCoreKit.framework */ = {isa = PBXFileReference; lastKnownFileType = wrapper.framework; path = FBSDKCoreKit.framework; sourceTree = "<group>"; };
		B9DEFEBB1CAD96940068A356 /* FBSDKLoginKit.framework */ = {isa = PBXFileReference; lastKnownFileType = wrapper.framework; path = FBSDKLoginKit.framework; sourceTree = "<group>"; };
		B9DEFEBC1CAD96940068A356 /* FBSDKShareKit.framework */ = {isa = PBXFileReference; lastKnownFileType = wrapper.framework; path = FBSDKShareKit.framework; sourceTree = "<group>"; };
		B9DEFEC11CADAD6B0068A356 /* User.swift */ = {isa = PBXFileReference; fileEncoding = 4; lastKnownFileType = sourcecode.swift; path = User.swift; sourceTree = "<group>"; };
		B9DEFEC51CADD2B70068A356 /* LoginButton.swift */ = {isa = PBXFileReference; fileEncoding = 4; lastKnownFileType = sourcecode.swift; path = LoginButton.swift; sourceTree = "<group>"; };
		B9DEFEC71CAE52030068A356 /* UserService.swift */ = {isa = PBXFileReference; fileEncoding = 4; lastKnownFileType = sourcecode.swift; path = UserService.swift; sourceTree = "<group>"; };
		B9DEFEC91CAE533E0068A356 /* Services.swift */ = {isa = PBXFileReference; fileEncoding = 4; lastKnownFileType = sourcecode.swift; path = Services.swift; sourceTree = "<group>"; };
		B9DEFECF1CB16A210068A356 /* MenuTableViewController.swift */ = {isa = PBXFileReference; fileEncoding = 4; lastKnownFileType = sourcecode.swift; path = MenuTableViewController.swift; sourceTree = "<group>"; };
/* End PBXFileReference section */

/* Begin PBXFrameworksBuildPhase section */
		B972E11C1CAC50630004F3DC /* Frameworks */ = {
			isa = PBXFrameworksBuildPhase;
			buildActionMask = 2147483647;
			files = (
				B9DEFEBE1CAD96940068A356 /* FBSDKLoginKit.framework in Frameworks */,
				B9DEFEBD1CAD96940068A356 /* FBSDKCoreKit.framework in Frameworks */,
				B9DEFEBF1CAD96940068A356 /* FBSDKShareKit.framework in Frameworks */,
			);
			runOnlyForDeploymentPostprocessing = 0;
		};
		B972E1301CAC50630004F3DC /* Frameworks */ = {
			isa = PBXFrameworksBuildPhase;
			buildActionMask = 2147483647;
			files = (
			);
			runOnlyForDeploymentPostprocessing = 0;
		};
		B972E13B1CAC50630004F3DC /* Frameworks */ = {
			isa = PBXFrameworksBuildPhase;
			buildActionMask = 2147483647;
			files = (
			);
			runOnlyForDeploymentPostprocessing = 0;
		};
/* End PBXFrameworksBuildPhase section */

/* Begin PBXGroup section */
		B972E1161CAC50630004F3DC = {
			isa = PBXGroup;
			children = (
				B969D1C01CB5854F00A4ABD6 /* .gitignore */,
				B9DEFEB91CAD96780068A356 /* Frameworks */,
				B972E1211CAC50630004F3DC /* m8s */,
				B972E1361CAC50630004F3DC /* m8sTests */,
				B972E1411CAC50630004F3DC /* m8sUITests */,
				B972E1201CAC50630004F3DC /* Products */,
			);
			sourceTree = "<group>";
		};
		B972E1201CAC50630004F3DC /* Products */ = {
			isa = PBXGroup;
			children = (
				B972E11F1CAC50630004F3DC /* m8s.app */,
				B972E1331CAC50630004F3DC /* m8sTests.xctest */,
				B972E13E1CAC50630004F3DC /* m8sUITests.xctest */,
			);
			name = Products;
			sourceTree = "<group>";
		};
		B972E1211CAC50630004F3DC /* m8s */ = {
			isa = PBXGroup;
			children = (
				B9DEFECE1CB169300068A356 /* Layouts */,
				B9DEFECD1CB169260068A356 /* Cells */,
				B9DEFECC1CB1690E0068A356 /* Views */,
				B9DEFECB1CB169010068A356 /* Controllers */,
				B9DEFEC01CADAD570068A356 /* Models */,
				B972E1621CAC556F0004F3DC /* Supporting Files */,
				B972E1221CAC50630004F3DC /* AppDelegate.swift */,
				B972E15C1CAC51150004F3DC /* Images.xcassets */,
			);
			path = m8s;
			sourceTree = "<group>";
		};
		B972E1361CAC50630004F3DC /* m8sTests */ = {
			isa = PBXGroup;
			children = (
				B972E1371CAC50630004F3DC /* m8sTests.swift */,
				B972E1391CAC50630004F3DC /* Info.plist */,
			);
			path = m8sTests;
			sourceTree = "<group>";
		};
		B972E1411CAC50630004F3DC /* m8sUITests */ = {
			isa = PBXGroup;
			children = (
				B972E1421CAC50630004F3DC /* m8sUITests.swift */,
				B972E1441CAC50630004F3DC /* Info.plist */,
			);
			path = m8sUITests;
			sourceTree = "<group>";
		};
		B972E1621CAC556F0004F3DC /* Supporting Files */ = {
			isa = PBXGroup;
			children = (
				B972E1641CAC56600004F3DC /* SWRevealViewController.h */,
				B972E1651CAC56600004F3DC /* SWRevealViewController.m */,
				B972E12E1CAC50630004F3DC /* Info.plist */,
				B972E1631CAC565F0004F3DC /* m8s-Bridging-Header.h */,
			);
			name = "Supporting Files";
			sourceTree = "<group>";
		};
		B9DEFEB91CAD96780068A356 /* Frameworks */ = {
			isa = PBXGroup;
			children = (
				B9DEFEBA1CAD96940068A356 /* FBSDKCoreKit.framework */,
				B9DEFEBB1CAD96940068A356 /* FBSDKLoginKit.framework */,
				B9DEFEBC1CAD96940068A356 /* FBSDKShareKit.framework */,
			);
			name = Frameworks;
			sourceTree = "<group>";
		};
		B9DEFEC01CADAD570068A356 /* Models */ = {
			isa = PBXGroup;
			children = (
				B9DEFEC11CADAD6B0068A356 /* User.swift */,
				B9DEFEC51CADD2B70068A356 /* LoginButton.swift */,
				B9DEFEC71CAE52030068A356 /* UserService.swift */,
				B9DEFEC91CAE533E0068A356 /* Services.swift */,
				B90D90771CB2EBD000A4BC60 /* When.swift */,
				B90D90791CB2EBDD00A4BC60 /* Entity.swift */,
				B90D907B1CB2EEDD00A4BC60 /* Preference.swift */,
			);
			name = Models;
			sourceTree = "<group>";
		};
		B9DEFECB1CB169010068A356 /* Controllers */ = {
			isa = PBXGroup;
			children = (
				B9DEFECF1CB16A210068A356 /* MenuTableViewController.swift */,
				B972E1521CAC50B30004F3DC /* WhenViewController.swift */,
				B969D1FD1CB599D500A4ABD6 /* WhatViewController.swift */,
			);
			name = Controllers;
			sourceTree = "<group>";
		};
		B9DEFECC1CB1690E0068A356 /* Views */ = {
			isa = PBXGroup;
			children = (
				B972E1561CAC50C80004F3DC /* Main.storyboard */,
				B972E12B1CAC50630004F3DC /* LaunchScreen.storyboard */,
			);
			name = Views;
			sourceTree = "<group>";
		};
		B9DEFECD1CB169260068A356 /* Cells */ = {
			isa = PBXGroup;
			children = (
				B972E1501CAC50B30004F3DC /* WhenCollectionViewCell.swift */,
				B969D1FB1CB597C400A4ABD6 /* ImageCollectionViewCell.swift */,
			);
			name = Cells;
			sourceTree = "<group>";
		};
		B9DEFECE1CB169300068A356 /* Layouts */ = {
			isa = PBXGroup;
			children = (
				B972E1511CAC50B30004F3DC /* ImageCollectionViewLayout.swift */,
			);
			name = Layouts;
			sourceTree = "<group>";
		};
/* End PBXGroup section */

/* Begin PBXNativeTarget section */
		B972E11E1CAC50630004F3DC /* m8s */ = {
			isa = PBXNativeTarget;
			buildConfigurationList = B972E1471CAC50630004F3DC /* Build configuration list for PBXNativeTarget "m8s" */;
			buildPhases = (
				B972E11B1CAC50630004F3DC /* Sources */,
				B972E11C1CAC50630004F3DC /* Frameworks */,
				B972E11D1CAC50630004F3DC /* Resources */,
			);
			buildRules = (
			);
			dependencies = (
			);
			name = m8s;
			productName = m8s;
			productReference = B972E11F1CAC50630004F3DC /* m8s.app */;
			productType = "com.apple.product-type.application";
		};
		B972E1321CAC50630004F3DC /* m8sTests */ = {
			isa = PBXNativeTarget;
			buildConfigurationList = B972E14A1CAC50630004F3DC /* Build configuration list for PBXNativeTarget "m8sTests" */;
			buildPhases = (
				B972E12F1CAC50630004F3DC /* Sources */,
				B972E1301CAC50630004F3DC /* Frameworks */,
				B972E1311CAC50630004F3DC /* Resources */,
			);
			buildRules = (
			);
			dependencies = (
				B972E1351CAC50630004F3DC /* PBXTargetDependency */,
			);
			name = m8sTests;
			productName = m8sTests;
			productReference = B972E1331CAC50630004F3DC /* m8sTests.xctest */;
			productType = "com.apple.product-type.bundle.unit-test";
		};
		B972E13D1CAC50630004F3DC /* m8sUITests */ = {
			isa = PBXNativeTarget;
			buildConfigurationList = B972E14D1CAC50630004F3DC /* Build configuration list for PBXNativeTarget "m8sUITests" */;
			buildPhases = (
				B972E13A1CAC50630004F3DC /* Sources */,
				B972E13B1CAC50630004F3DC /* Frameworks */,
				B972E13C1CAC50630004F3DC /* Resources */,
			);
			buildRules = (
			);
			dependencies = (
				B972E1401CAC50630004F3DC /* PBXTargetDependency */,
			);
			name = m8sUITests;
			productName = m8sUITests;
			productReference = B972E13E1CAC50630004F3DC /* m8sUITests.xctest */;
			productType = "com.apple.product-type.bundle.ui-testing";
		};
/* End PBXNativeTarget section */

/* Begin PBXProject section */
		B972E1171CAC50630004F3DC /* Project object */ = {
			isa = PBXProject;
			attributes = {
				LastSwiftUpdateCheck = 0730;
				LastUpgradeCheck = 0730;
				ORGANIZATIONNAME = "George Allen";
				TargetAttributes = {
					B972E11E1CAC50630004F3DC = {
						CreatedOnToolsVersion = 7.3;
						DevelopmentTeam = U27Q285JYN;
					};
					B972E1321CAC50630004F3DC = {
						CreatedOnToolsVersion = 7.3;
						TestTargetID = B972E11E1CAC50630004F3DC;
					};
					B972E13D1CAC50630004F3DC = {
						CreatedOnToolsVersion = 7.3;
						TestTargetID = B972E11E1CAC50630004F3DC;
					};
				};
			};
			buildConfigurationList = B972E11A1CAC50630004F3DC /* Build configuration list for PBXProject "m8s" */;
			compatibilityVersion = "Xcode 3.2";
			developmentRegion = English;
			hasScannedForEncodings = 0;
			knownRegions = (
				en,
				Base,
			);
			mainGroup = B972E1161CAC50630004F3DC;
			productRefGroup = B972E1201CAC50630004F3DC /* Products */;
			projectDirPath = "";
			projectRoot = "";
			targets = (
				B972E11E1CAC50630004F3DC /* m8s */,
				B972E1321CAC50630004F3DC /* m8sTests */,
				B972E13D1CAC50630004F3DC /* m8sUITests */,
			);
		};
/* End PBXProject section */

/* Begin PBXResourcesBuildPhase section */
		B972E11D1CAC50630004F3DC /* Resources */ = {
			isa = PBXResourcesBuildPhase;
			buildActionMask = 2147483647;
			files = (
				B969D1C11CB5854F00A4ABD6 /* .gitignore in Resources */,
				B972E15D1CAC51150004F3DC /* Images.xcassets in Resources */,
				B972E12D1CAC50630004F3DC /* LaunchScreen.storyboard in Resources */,
				B972E1571CAC50C80004F3DC /* Main.storyboard in Resources */,
			);
			runOnlyForDeploymentPostprocessing = 0;
		};
		B972E1311CAC50630004F3DC /* Resources */ = {
			isa = PBXResourcesBuildPhase;
			buildActionMask = 2147483647;
			files = (
			);
			runOnlyForDeploymentPostprocessing = 0;
		};
		B972E13C1CAC50630004F3DC /* Resources */ = {
			isa = PBXResourcesBuildPhase;
			buildActionMask = 2147483647;
			files = (
			);
			runOnlyForDeploymentPostprocessing = 0;
		};
/* End PBXResourcesBuildPhase section */

/* Begin PBXSourcesBuildPhase section */
		B972E11B1CAC50630004F3DC /* Sources */ = {
			isa = PBXSourcesBuildPhase;
			buildActionMask = 2147483647;
			files = (
				B972E1551CAC50B30004F3DC /* WhenViewController.swift in Sources */,
				B969D1FE1CB599D500A4ABD6 /* WhatViewController.swift in Sources */,
				B90D907C1CB2EEDD00A4BC60 /* Preference.swift in Sources */,
				B972E1541CAC50B30004F3DC /* ImageCollectionViewLayout.swift in Sources */,
				B9DEFED01CB16A210068A356 /* MenuTableViewController.swift in Sources */,
				B90D90781CB2EBD000A4BC60 /* When.swift in Sources */,
				B9DEFEC61CADD2B70068A356 /* LoginButton.swift in Sources */,
				B9DEFEC21CADAD6B0068A356 /* User.swift in Sources */,
				B9DEFEC81CAE52030068A356 /* UserService.swift in Sources */,
				B972E1661CAC56600004F3DC /* SWRevealViewController.m in Sources */,
				B90D907A1CB2EBDD00A4BC60 /* Entity.swift in Sources */,
				B969D1FC1CB597C400A4ABD6 /* ImageCollectionViewCell.swift in Sources */,
				B972E1531CAC50B30004F3DC /* WhenCollectionViewCell.swift in Sources */,
				B9DEFECA1CAE533E0068A356 /* Services.swift in Sources */,
				B972E1231CAC50630004F3DC /* AppDelegate.swift in Sources */,
			);
			runOnlyForDeploymentPostprocessing = 0;
		};
		B972E12F1CAC50630004F3DC /* Sources */ = {
			isa = PBXSourcesBuildPhase;
			buildActionMask = 2147483647;
			files = (
				B972E1381CAC50630004F3DC /* m8sTests.swift in Sources */,
			);
			runOnlyForDeploymentPostprocessing = 0;
		};
		B972E13A1CAC50630004F3DC /* Sources */ = {
			isa = PBXSourcesBuildPhase;
			buildActionMask = 2147483647;
			files = (
				B972E1431CAC50630004F3DC /* m8sUITests.swift in Sources */,
			);
			runOnlyForDeploymentPostprocessing = 0;
		};
/* End PBXSourcesBuildPhase section */

/* Begin PBXTargetDependency section */
		B972E1351CAC50630004F3DC /* PBXTargetDependency */ = {
			isa = PBXTargetDependency;
			target = B972E11E1CAC50630004F3DC /* m8s */;
			targetProxy = B972E1341CAC50630004F3DC /* PBXContainerItemProxy */;
		};
		B972E1401CAC50630004F3DC /* PBXTargetDependency */ = {
			isa = PBXTargetDependency;
			target = B972E11E1CAC50630004F3DC /* m8s */;
			targetProxy = B972E13F1CAC50630004F3DC /* PBXContainerItemProxy */;
		};
/* End PBXTargetDependency section */

/* Begin PBXVariantGroup section */
		B972E12B1CAC50630004F3DC /* LaunchScreen.storyboard */ = {
			isa = PBXVariantGroup;
			children = (
				B972E12C1CAC50630004F3DC /* Base */,
			);
			name = LaunchScreen.storyboard;
			sourceTree = "<group>";
		};
/* End PBXVariantGroup section */

/* Begin XCBuildConfiguration section */
		B972E1451CAC50630004F3DC /* Debug */ = {
			isa = XCBuildConfiguration;
			buildSettings = {
				ALWAYS_SEARCH_USER_PATHS = NO;
				CLANG_ANALYZER_NONNULL = YES;
				CLANG_CXX_LANGUAGE_STANDARD = "gnu++0x";
				CLANG_CXX_LIBRARY = "libc++";
				CLANG_ENABLE_MODULES = YES;
				CLANG_ENABLE_OBJC_ARC = YES;
				CLANG_WARN_BOOL_CONVERSION = YES;
				CLANG_WARN_CONSTANT_CONVERSION = YES;
				CLANG_WARN_DIRECT_OBJC_ISA_USAGE = YES_ERROR;
				CLANG_WARN_EMPTY_BODY = YES;
				CLANG_WARN_ENUM_CONVERSION = YES;
				CLANG_WARN_INT_CONVERSION = YES;
				CLANG_WARN_OBJC_ROOT_CLASS = YES_ERROR;
				CLANG_WARN_UNREACHABLE_CODE = YES;
				CLANG_WARN__DUPLICATE_METHOD_MATCH = YES;
				"CODE_SIGN_IDENTITY[sdk=iphoneos*]" = "iPhone Developer";
				COPY_PHASE_STRIP = NO;
				DEBUG_INFORMATION_FORMAT = dwarf;
				ENABLE_STRICT_OBJC_MSGSEND = YES;
				ENABLE_TESTABILITY = YES;
				GCC_C_LANGUAGE_STANDARD = gnu99;
				GCC_DYNAMIC_NO_PIC = NO;
				GCC_NO_COMMON_BLOCKS = YES;
				GCC_OPTIMIZATION_LEVEL = 0;
				GCC_PREPROCESSOR_DEFINITIONS = (
					"DEBUG=1",
					"$(inherited)",
				);
				GCC_WARN_64_TO_32_BIT_CONVERSION = YES;
				GCC_WARN_ABOUT_RETURN_TYPE = YES_ERROR;
				GCC_WARN_UNDECLARED_SELECTOR = YES;
				GCC_WARN_UNINITIALIZED_AUTOS = YES_AGGRESSIVE;
				GCC_WARN_UNUSED_FUNCTION = YES;
				GCC_WARN_UNUSED_VARIABLE = YES;
				IPHONEOS_DEPLOYMENT_TARGET = 9.3;
				MTL_ENABLE_DEBUG_INFO = YES;
				ONLY_ACTIVE_ARCH = YES;
				SDKROOT = iphoneos;
				SWIFT_OPTIMIZATION_LEVEL = "-Onone";
				TARGETED_DEVICE_FAMILY = "1,2";
			};
			name = Debug;
		};
		B972E1461CAC50630004F3DC /* Release */ = {
			isa = XCBuildConfiguration;
			buildSettings = {
				ALWAYS_SEARCH_USER_PATHS = NO;
				CLANG_ANALYZER_NONNULL = YES;
				CLANG_CXX_LANGUAGE_STANDARD = "gnu++0x";
				CLANG_CXX_LIBRARY = "libc++";
				CLANG_ENABLE_MODULES = YES;
				CLANG_ENABLE_OBJC_ARC = YES;
				CLANG_WARN_BOOL_CONVERSION = YES;
				CLANG_WARN_CONSTANT_CONVERSION = YES;
				CLANG_WARN_DIRECT_OBJC_ISA_USAGE = YES_ERROR;
				CLANG_WARN_EMPTY_BODY = YES;
				CLANG_WARN_ENUM_CONVERSION = YES;
				CLANG_WARN_INT_CONVERSION = YES;
				CLANG_WARN_OBJC_ROOT_CLASS = YES_ERROR;
				CLANG_WARN_UNREACHABLE_CODE = YES;
				CLANG_WARN__DUPLICATE_METHOD_MATCH = YES;
				"CODE_SIGN_IDENTITY[sdk=iphoneos*]" = "iPhone Developer";
				COPY_PHASE_STRIP = NO;
				DEBUG_INFORMATION_FORMAT = "dwarf-with-dsym";
				ENABLE_NS_ASSERTIONS = NO;
				ENABLE_STRICT_OBJC_MSGSEND = YES;
				GCC_C_LANGUAGE_STANDARD = gnu99;
				GCC_NO_COMMON_BLOCKS = YES;
				GCC_WARN_64_TO_32_BIT_CONVERSION = YES;
				GCC_WARN_ABOUT_RETURN_TYPE = YES_ERROR;
				GCC_WARN_UNDECLARED_SELECTOR = YES;
				GCC_WARN_UNINITIALIZED_AUTOS = YES_AGGRESSIVE;
				GCC_WARN_UNUSED_FUNCTION = YES;
				GCC_WARN_UNUSED_VARIABLE = YES;
				IPHONEOS_DEPLOYMENT_TARGET = 9.3;
				MTL_ENABLE_DEBUG_INFO = NO;
				SDKROOT = iphoneos;
				TARGETED_DEVICE_FAMILY = "1,2";
				VALIDATE_PRODUCT = YES;
			};
			name = Release;
		};
		B972E1481CAC50630004F3DC /* Debug */ = {
			isa = XCBuildConfiguration;
			buildSettings = {
				ASSETCATALOG_COMPILER_APPICON_NAME = AppIcon;
				ASSETCATALOG_COMPILER_LAUNCHIMAGE_NAME = "Brand Assets";
				CLANG_ENABLE_MODULES = YES;
				CODE_SIGN_IDENTITY = "iPhone Developer";
				FRAMEWORK_SEARCH_PATHS = (
					"$(inherited)",
					"$(PROJECT_DIR)",
				);
				INFOPLIST_FILE = m8s/Info.plist;
				IPHONEOS_DEPLOYMENT_TARGET = 9.0;
				LD_RUNPATH_SEARCH_PATHS = "$(inherited) @executable_path/Frameworks";
				PRODUCT_BUNDLE_IDENTIFIER = "George-Allen.m8s";
				PRODUCT_NAME = "$(TARGET_NAME)";
				SWIFT_OBJC_BRIDGING_HEADER = "m8s/m8s-Bridging-Header.h";
				SWIFT_OPTIMIZATION_LEVEL = "-Onone";
			};
			name = Debug;
		};
		B972E1491CAC50630004F3DC /* Release */ = {
			isa = XCBuildConfiguration;
			buildSettings = {
				ASSETCATALOG_COMPILER_APPICON_NAME = AppIcon;
				ASSETCATALOG_COMPILER_LAUNCHIMAGE_NAME = "Brand Assets";
				CLANG_ENABLE_MODULES = YES;
				CODE_SIGN_IDENTITY = "iPhone Developer";
				FRAMEWORK_SEARCH_PATHS = (
					"$(inherited)",
					"$(PROJECT_DIR)",
				);
				INFOPLIST_FILE = m8s/Info.plist;
				IPHONEOS_DEPLOYMENT_TARGET = 9.0;
				LD_RUNPATH_SEARCH_PATHS = "$(inherited) @executable_path/Frameworks";
				PRODUCT_BUNDLE_IDENTIFIER = "George-Allen.m8s";
				PRODUCT_NAME = "$(TARGET_NAME)";
				SWIFT_OBJC_BRIDGING_HEADER = "m8s/m8s-Bridging-Header.h";
			};
			name = Release;
		};
		B972E14B1CAC50630004F3DC /* Debug */ = {
			isa = XCBuildConfiguration;
			buildSettings = {
				BUNDLE_LOADER = "$(TEST_HOST)";
				INFOPLIST_FILE = m8sTests/Info.plist;
				LD_RUNPATH_SEARCH_PATHS = "$(inherited) @executable_path/Frameworks @loader_path/Frameworks";
				PRODUCT_BUNDLE_IDENTIFIER = "George-Allen.m8sTests";
				PRODUCT_NAME = "$(TARGET_NAME)";
				TEST_HOST = "$(BUILT_PRODUCTS_DIR)/m8s.app/m8s";
			};
			name = Debug;
		};
		B972E14C1CAC50630004F3DC /* Release */ = {
			isa = XCBuildConfiguration;
			buildSettings = {
				BUNDLE_LOADER = "$(TEST_HOST)";
				INFOPLIST_FILE = m8sTests/Info.plist;
				LD_RUNPATH_SEARCH_PATHS = "$(inherited) @executable_path/Frameworks @loader_path/Frameworks";
				PRODUCT_BUNDLE_IDENTIFIER = "George-Allen.m8sTests";
				PRODUCT_NAME = "$(TARGET_NAME)";
				TEST_HOST = "$(BUILT_PRODUCTS_DIR)/m8s.app/m8s";
			};
			name = Release;
		};
		B972E14E1CAC50630004F3DC /* Debug */ = {
			isa = XCBuildConfiguration;
			buildSettings = {
				INFOPLIST_FILE = m8sUITests/Info.plist;
				LD_RUNPATH_SEARCH_PATHS = "$(inherited) @executable_path/Frameworks @loader_path/Frameworks";
				PRODUCT_BUNDLE_IDENTIFIER = "George-Allen.m8sUITests";
				PRODUCT_NAME = "$(TARGET_NAME)";
				TEST_TARGET_NAME = m8s;
			};
			name = Debug;
		};
		B972E14F1CAC50630004F3DC /* Release */ = {
			isa = XCBuildConfiguration;
			buildSettings = {
				INFOPLIST_FILE = m8sUITests/Info.plist;
				LD_RUNPATH_SEARCH_PATHS = "$(inherited) @executable_path/Frameworks @loader_path/Frameworks";
				PRODUCT_BUNDLE_IDENTIFIER = "George-Allen.m8sUITests";
				PRODUCT_NAME = "$(TARGET_NAME)";
				TEST_TARGET_NAME = m8s;
			};
			name = Release;
		};
/* End XCBuildConfiguration section */

/* Begin XCConfigurationList section */
		B972E11A1CAC50630004F3DC /* Build configuration list for PBXProject "m8s" */ = {
			isa = XCConfigurationList;
			buildConfigurations = (
				B972E1451CAC50630004F3DC /* Debug */,
				B972E1461CAC50630004F3DC /* Release */,
			);
			defaultConfigurationIsVisible = 0;
			defaultConfigurationName = Release;
		};
		B972E1471CAC50630004F3DC /* Build configuration list for PBXNativeTarget "m8s" */ = {
			isa = XCConfigurationList;
			buildConfigurations = (
				B972E1481CAC50630004F3DC /* Debug */,
				B972E1491CAC50630004F3DC /* Release */,
			);
			defaultConfigurationIsVisible = 0;
			defaultConfigurationName = Release;
		};
		B972E14A1CAC50630004F3DC /* Build configuration list for PBXNativeTarget "m8sTests" */ = {
			isa = XCConfigurationList;
			buildConfigurations = (
				B972E14B1CAC50630004F3DC /* Debug */,
				B972E14C1CAC50630004F3DC /* Release */,
			);
			defaultConfigurationIsVisible = 0;
			defaultConfigurationName = Release;
		};
		B972E14D1CAC50630004F3DC /* Build configuration list for PBXNativeTarget "m8sUITests" */ = {
			isa = XCConfigurationList;
			buildConfigurations = (
				B972E14E1CAC50630004F3DC /* Debug */,
				B972E14F1CAC50630004F3DC /* Release */,
			);
			defaultConfigurationIsVisible = 0;
			defaultConfigurationName = Release;
		};
/* End XCConfigurationList section */
	};
	rootObject = B972E1171CAC50630004F3DC /* Project object */;
}
