// !$*UTF8*$!
{
	archiveVersion = 1;
	classes = {
	};
	objectVersion = 46;
	objects = {

/* Begin PBXBuildFile section */
		7B65091BFE65EFA004FCF9AA /* Pods_m8s.framework in Frameworks */ = {isa = PBXBuildFile; fileRef = 3CD18FDD89725238FFD8A219 /* Pods_m8s.framework */; };
		B910C31C1CF77E240059C7F4 /* SlideMenuService.swift in Sources */ = {isa = PBXBuildFile; fileRef = B910C31B1CF77E240059C7F4 /* SlideMenuService.swift */; };
		B910C31E1CF78AB40059C7F4 /* WherePreference.swift in Sources */ = {isa = PBXBuildFile; fileRef = B910C31D1CF78AB40059C7F4 /* WherePreference.swift */; };
		B910C3201CF78E3B0059C7F4 /* IntExtensions.swift in Sources */ = {isa = PBXBuildFile; fileRef = B910C31F1CF78E3B0059C7F4 /* IntExtensions.swift */; };
		B910C3221CF7903A0059C7F4 /* WhenPreference.swift in Sources */ = {isa = PBXBuildFile; fileRef = B910C3211CF7903A0059C7F4 /* WhenPreference.swift */; };
		B910C3241CF7904A0059C7F4 /* WhatPreference.swift in Sources */ = {isa = PBXBuildFile; fileRef = B910C3231CF7904A0059C7F4 /* WhatPreference.swift */; };
		B92A918B1CF61E1D00766340 /* WhenItem.swift in Sources */ = {isa = PBXBuildFile; fileRef = B92A918A1CF61E1D00766340 /* WhenItem.swift */; };
		B92A918D1CF61E2500766340 /* WhereItem.swift in Sources */ = {isa = PBXBuildFile; fileRef = B92A918C1CF61E2500766340 /* WhereItem.swift */; };
		B92A918F1CF61ECA00766340 /* Preference.swift in Sources */ = {isa = PBXBuildFile; fileRef = B92A918E1CF61ECA00766340 /* Preference.swift */; };
		B92A91911CF61EF700766340 /* Plan.swift in Sources */ = {isa = PBXBuildFile; fileRef = B92A91901CF61EF700766340 /* Plan.swift */; };
		B92A91931CF62CBC00766340 /* UserService.swift in Sources */ = {isa = PBXBuildFile; fileRef = B92A91921CF62CBC00766340 /* UserService.swift */; };
		B94F35411CC039490049DEA6 /* WhatCollectionViewCell.swift in Sources */ = {isa = PBXBuildFile; fileRef = B94F35401CC039490049DEA6 /* WhatCollectionViewCell.swift */; };
		B967FEA81CC3E43800C49707 /* LocationSearchTableViewController.swift in Sources */ = {isa = PBXBuildFile; fileRef = B967FEA71CC3E43800C49707 /* LocationSearchTableViewController.swift */; };
		B967FEAA1CC401EA00C49707 /* WhereCollectionViewCell.swift in Sources */ = {isa = PBXBuildFile; fileRef = B967FEA91CC401EA00C49707 /* WhereCollectionViewCell.swift */; };
		B969D1C11CB5854F00A4ABD6 /* .gitignore in Resources */ = {isa = PBXBuildFile; fileRef = B969D1C01CB5854F00A4ABD6 /* .gitignore */; };
		B969D1FC1CB597C400A4ABD6 /* ImageCollectionViewCell.swift in Sources */ = {isa = PBXBuildFile; fileRef = B969D1FB1CB597C400A4ABD6 /* ImageCollectionViewCell.swift */; };
		B969D1FE1CB599D500A4ABD6 /* WhatViewController.swift in Sources */ = {isa = PBXBuildFile; fileRef = B969D1FD1CB599D500A4ABD6 /* WhatViewController.swift */; };
		B972E1231CAC50630004F3DC /* AppDelegate.swift in Sources */ = {isa = PBXBuildFile; fileRef = B972E1221CAC50630004F3DC /* AppDelegate.swift */; };
		B972E12D1CAC50630004F3DC /* LaunchScreen.storyboard in Resources */ = {isa = PBXBuildFile; fileRef = B972E12B1CAC50630004F3DC /* LaunchScreen.storyboard */; };
		B972E1381CAC50630004F3DC /* m8sTests.swift in Sources */ = {isa = PBXBuildFile; fileRef = B972E1371CAC50630004F3DC /* m8sTests.swift */; };
		B972E1431CAC50630004F3DC /* m8sUITests.swift in Sources */ = {isa = PBXBuildFile; fileRef = B972E1421CAC50630004F3DC /* m8sUITests.swift */; };
		B972E1531CAC50B30004F3DC /* WhenCollectionViewCell.swift in Sources */ = {isa = PBXBuildFile; fileRef = B972E1501CAC50B30004F3DC /* WhenCollectionViewCell.swift */; };
		B972E1541CAC50B30004F3DC /* ImageCollectionViewLayout.swift in Sources */ = {isa = PBXBuildFile; fileRef = B972E1511CAC50B30004F3DC /* ImageCollectionViewLayout.swift */; };
		B972E1551CAC50B30004F3DC /* WhenViewController.swift in Sources */ = {isa = PBXBuildFile; fileRef = B972E1521CAC50B30004F3DC /* WhenViewController.swift */; };
		B972E1571CAC50C80004F3DC /* Main.storyboard in Resources */ = {isa = PBXBuildFile; fileRef = B972E1561CAC50C80004F3DC /* Main.storyboard */; };
		B972E15D1CAC51150004F3DC /* Images.xcassets in Resources */ = {isa = PBXBuildFile; fileRef = B972E15C1CAC51150004F3DC /* Images.xcassets */; };
		B977BC0B1CBAA3BF00263F23 /* UIViewControllerExtensions.swift in Sources */ = {isa = PBXBuildFile; fileRef = B977BC0A1CBAA3BF00263F23 /* UIViewControllerExtensions.swift */; };
		B977BC101CBAA4BD00263F23 /* UIApplicationExtensions.swift in Sources */ = {isa = PBXBuildFile; fileRef = B977BC0F1CBAA4BD00263F23 /* UIApplicationExtensions.swift */; };
		B977BC121CBAA4FB00263F23 /* UIColorExtensions.swift in Sources */ = {isa = PBXBuildFile; fileRef = B977BC111CBAA4FB00263F23 /* UIColorExtensions.swift */; };
		B977BC141CBAA51100263F23 /* StringExtensions.swift in Sources */ = {isa = PBXBuildFile; fileRef = B977BC131CBAA51100263F23 /* StringExtensions.swift */; };
		B977BC161CBAAD3400263F23 /* SwipeViewController.swift in Sources */ = {isa = PBXBuildFile; fileRef = B977BC151CBAAD3400263F23 /* SwipeViewController.swift */; };
		B977BC181CBAB0CD00263F23 /* ExSlideMenuController.swift in Sources */ = {isa = PBXBuildFile; fileRef = B977BC171CBAB0CD00263F23 /* ExSlideMenuController.swift */; };
		B977BC1A1CBAD05F00263F23 /* SettingsViewController.swift in Sources */ = {isa = PBXBuildFile; fileRef = B977BC191CBAD05F00263F23 /* SettingsViewController.swift */; };
		B977BC1C1CBAD17300263F23 /* AboutViewController.swift in Sources */ = {isa = PBXBuildFile; fileRef = B977BC1B1CBAD17300263F23 /* AboutViewController.swift */; };
		B977BC1E1CBAD34500263F23 /* LoginViewController.swift in Sources */ = {isa = PBXBuildFile; fileRef = B977BC1D1CBAD34500263F23 /* LoginViewController.swift */; };
		B977BC201CBAD44200263F23 /* WhereViewController.swift in Sources */ = {isa = PBXBuildFile; fileRef = B977BC1F1CBAD44200263F23 /* WhereViewController.swift */; };
		B977BC221CBAD4AA00263F23 /* InviteFriendsViewController.swift in Sources */ = {isa = PBXBuildFile; fileRef = B977BC211CBAD4AA00263F23 /* InviteFriendsViewController.swift */; };
		B98ACE2A1CCFEDB4000A778C /* SwipingOverlayView.xib in Resources */ = {isa = PBXBuildFile; fileRef = B98ACE291CCFEDB4000A778C /* SwipingOverlayView.xib */; };
		B98ACE2C1CCFEE0C000A778C /* SwipingOverlayView.swift in Sources */ = {isa = PBXBuildFile; fileRef = B98ACE2B1CCFEE0C000A778C /* SwipingOverlayView.swift */; };
		B98ACE2E1CCFEF66000A778C /* SwipeCardView.xib in Resources */ = {isa = PBXBuildFile; fileRef = B98ACE2D1CCFEF66000A778C /* SwipeCardView.xib */; };
		B98ACE301CCFF0F1000A778C /* SwipeCardView.swift in Sources */ = {isa = PBXBuildFile; fileRef = B98ACE2F1CCFF0F1000A778C /* SwipeCardView.swift */; };
		B98ACE371CCFF3EF000A778C /* SwipeCardCollectionViewCell.swift in Sources */ = {isa = PBXBuildFile; fileRef = B98ACE351CCFF3EF000A778C /* SwipeCardCollectionViewCell.swift */; };
		B98ACE381CCFF3EF000A778C /* SwipeCardCollectionViewCell.xib in Resources */ = {isa = PBXBuildFile; fileRef = B98ACE361CCFF3EF000A778C /* SwipeCardCollectionViewCell.xib */; };
		B9939F021CEE29B000454C25 /* GoogleService-Info.plist in Resources */ = {isa = PBXBuildFile; fileRef = B9939F011CEE29B000454C25 /* GoogleService-Info.plist */; };
		B9939F061CEE496E00454C25 /* WhatItem.swift in Sources */ = {isa = PBXBuildFile; fileRef = B9939F051CEE496E00454C25 /* WhatItem.swift */; };
		B99A66971CBD6679006AB0F5 /* MenuHeaderView.swift in Sources */ = {isa = PBXBuildFile; fileRef = B99A66961CBD6679006AB0F5 /* MenuHeaderView.swift */; };
		B9B51D2C1CEF804E005350ED /* StorageService.swift in Sources */ = {isa = PBXBuildFile; fileRef = B9B51D2B1CEF804E005350ED /* StorageService.swift */; };
		B9B51D2E1CEF8077005350ED /* Image.swift in Sources */ = {isa = PBXBuildFile; fileRef = B9B51D2D1CEF8077005350ED /* Image.swift */; };
		B9B51D301CEF8775005350ED /* Subscription.swift in Sources */ = {isa = PBXBuildFile; fileRef = B9B51D2F1CEF8775005350ED /* Subscription.swift */; };
		B9DEFED01CB16A210068A356 /* MenuViewController.swift in Sources */ = {isa = PBXBuildFile; fileRef = B9DEFECF1CB16A210068A356 /* MenuViewController.swift */; };
/* End PBXBuildFile section */

/* Begin PBXContainerItemProxy section */
		B972E1341CAC50630004F3DC /* PBXContainerItemProxy */ = {
			isa = PBXContainerItemProxy;
			containerPortal = B972E1171CAC50630004F3DC /* Project object */;
			proxyType = 1;
			remoteGlobalIDString = B972E11E1CAC50630004F3DC;
			remoteInfo = m8s;
		};
		B972E13F1CAC50630004F3DC /* PBXContainerItemProxy */ = {
			isa = PBXContainerItemProxy;
			containerPortal = B972E1171CAC50630004F3DC /* Project object */;
			proxyType = 1;
			remoteGlobalIDString = B972E11E1CAC50630004F3DC;
			remoteInfo = m8s;
		};
/* End PBXContainerItemProxy section */

/* Begin PBXFileReference section */
		3CD18FDD89725238FFD8A219 /* Pods_m8s.framework */ = {isa = PBXFileReference; explicitFileType = wrapper.framework; includeInIndex = 0; path = Pods_m8s.framework; sourceTree = BUILT_PRODUCTS_DIR; };
		A14A6D4E5E855E0E902FD34F /* Pods-m8s.release.xcconfig */ = {isa = PBXFileReference; includeInIndex = 1; lastKnownFileType = text.xcconfig; name = "Pods-m8s.release.xcconfig"; path = "Pods/Target Support Files/Pods-m8s/Pods-m8s.release.xcconfig"; sourceTree = "<group>"; };
		B910C31B1CF77E240059C7F4 /* SlideMenuService.swift */ = {isa = PBXFileReference; fileEncoding = 4; lastKnownFileType = sourcecode.swift; path = SlideMenuService.swift; sourceTree = "<group>"; };
		B910C31D1CF78AB40059C7F4 /* WherePreference.swift */ = {isa = PBXFileReference; fileEncoding = 4; lastKnownFileType = sourcecode.swift; path = WherePreference.swift; sourceTree = "<group>"; };
		B910C31F1CF78E3B0059C7F4 /* IntExtensions.swift */ = {isa = PBXFileReference; fileEncoding = 4; lastKnownFileType = sourcecode.swift; path = IntExtensions.swift; sourceTree = "<group>"; };
		B910C3211CF7903A0059C7F4 /* WhenPreference.swift */ = {isa = PBXFileReference; fileEncoding = 4; lastKnownFileType = sourcecode.swift; path = WhenPreference.swift; sourceTree = "<group>"; };
		B910C3231CF7904A0059C7F4 /* WhatPreference.swift */ = {isa = PBXFileReference; fileEncoding = 4; lastKnownFileType = sourcecode.swift; path = WhatPreference.swift; sourceTree = "<group>"; };
		B92A918A1CF61E1D00766340 /* WhenItem.swift */ = {isa = PBXFileReference; fileEncoding = 4; lastKnownFileType = sourcecode.swift; path = WhenItem.swift; sourceTree = "<group>"; };
		B92A918C1CF61E2500766340 /* WhereItem.swift */ = {isa = PBXFileReference; fileEncoding = 4; lastKnownFileType = sourcecode.swift; path = WhereItem.swift; sourceTree = "<group>"; };
		B92A918E1CF61ECA00766340 /* Preference.swift */ = {isa = PBXFileReference; fileEncoding = 4; lastKnownFileType = sourcecode.swift; path = Preference.swift; sourceTree = "<group>"; };
		B92A91901CF61EF700766340 /* Plan.swift */ = {isa = PBXFileReference; fileEncoding = 4; lastKnownFileType = sourcecode.swift; path = Plan.swift; sourceTree = "<group>"; };
		B92A91921CF62CBC00766340 /* UserService.swift */ = {isa = PBXFileReference; fileEncoding = 4; lastKnownFileType = sourcecode.swift; path = UserService.swift; sourceTree = "<group>"; };
		B94F35401CC039490049DEA6 /* WhatCollectionViewCell.swift */ = {isa = PBXFileReference; fileEncoding = 4; lastKnownFileType = sourcecode.swift; path = WhatCollectionViewCell.swift; sourceTree = "<group>"; };
		B967FEA71CC3E43800C49707 /* LocationSearchTableViewController.swift */ = {isa = PBXFileReference; fileEncoding = 4; lastKnownFileType = sourcecode.swift; path = LocationSearchTableViewController.swift; sourceTree = "<group>"; };
		B967FEA91CC401EA00C49707 /* WhereCollectionViewCell.swift */ = {isa = PBXFileReference; fileEncoding = 4; lastKnownFileType = sourcecode.swift; path = WhereCollectionViewCell.swift; sourceTree = "<group>"; };
		B969D1C01CB5854F00A4ABD6 /* .gitignore */ = {isa = PBXFileReference; fileEncoding = 4; lastKnownFileType = text; path = .gitignore; sourceTree = "<group>"; };
		B969D1FB1CB597C400A4ABD6 /* ImageCollectionViewCell.swift */ = {isa = PBXFileReference; fileEncoding = 4; lastKnownFileType = sourcecode.swift; path = ImageCollectionViewCell.swift; sourceTree = "<group>"; };
		B969D1FD1CB599D500A4ABD6 /* WhatViewController.swift */ = {isa = PBXFileReference; fileEncoding = 4; lastKnownFileType = sourcecode.swift; path = WhatViewController.swift; sourceTree = "<group>"; };
		B972E11F1CAC50630004F3DC /* m8s.app */ = {isa = PBXFileReference; explicitFileType = wrapper.application; includeInIndex = 0; path = m8s.app; sourceTree = BUILT_PRODUCTS_DIR; };
		B972E1221CAC50630004F3DC /* AppDelegate.swift */ = {isa = PBXFileReference; lastKnownFileType = sourcecode.swift; path = AppDelegate.swift; sourceTree = "<group>"; };
		B972E12C1CAC50630004F3DC /* Base */ = {isa = PBXFileReference; lastKnownFileType = file.storyboard; name = Base; path = Base.lproj/LaunchScreen.storyboard; sourceTree = "<group>"; };
		B972E12E1CAC50630004F3DC /* Info.plist */ = {isa = PBXFileReference; lastKnownFileType = text.plist.xml; path = Info.plist; sourceTree = "<group>"; };
		B972E1331CAC50630004F3DC /* m8sTests.xctest */ = {isa = PBXFileReference; explicitFileType = wrapper.cfbundle; includeInIndex = 0; path = m8sTests.xctest; sourceTree = BUILT_PRODUCTS_DIR; };
		B972E1371CAC50630004F3DC /* m8sTests.swift */ = {isa = PBXFileReference; lastKnownFileType = sourcecode.swift; path = m8sTests.swift; sourceTree = "<group>"; };
		B972E1391CAC50630004F3DC /* Info.plist */ = {isa = PBXFileReference; lastKnownFileType = text.plist.xml; path = Info.plist; sourceTree = "<group>"; };
		B972E13E1CAC50630004F3DC /* m8sUITests.xctest */ = {isa = PBXFileReference; explicitFileType = wrapper.cfbundle; includeInIndex = 0; path = m8sUITests.xctest; sourceTree = BUILT_PRODUCTS_DIR; };
		B972E1421CAC50630004F3DC /* m8sUITests.swift */ = {isa = PBXFileReference; lastKnownFileType = sourcecode.swift; path = m8sUITests.swift; sourceTree = "<group>"; };
		B972E1441CAC50630004F3DC /* Info.plist */ = {isa = PBXFileReference; lastKnownFileType = text.plist.xml; path = Info.plist; sourceTree = "<group>"; };
		B972E1501CAC50B30004F3DC /* WhenCollectionViewCell.swift */ = {isa = PBXFileReference; fileEncoding = 4; lastKnownFileType = sourcecode.swift; path = WhenCollectionViewCell.swift; sourceTree = "<group>"; };
		B972E1511CAC50B30004F3DC /* ImageCollectionViewLayout.swift */ = {isa = PBXFileReference; fileEncoding = 4; lastKnownFileType = sourcecode.swift; path = ImageCollectionViewLayout.swift; sourceTree = "<group>"; };
		B972E1521CAC50B30004F3DC /* WhenViewController.swift */ = {isa = PBXFileReference; fileEncoding = 4; lastKnownFileType = sourcecode.swift; path = WhenViewController.swift; sourceTree = "<group>"; };
		B972E1561CAC50C80004F3DC /* Main.storyboard */ = {isa = PBXFileReference; fileEncoding = 4; lastKnownFileType = file.storyboard; path = Main.storyboard; sourceTree = "<group>"; };
		B972E15C1CAC51150004F3DC /* Images.xcassets */ = {isa = PBXFileReference; lastKnownFileType = folder.assetcatalog; path = Images.xcassets; sourceTree = "<group>"; };
		B972E1631CAC565F0004F3DC /* m8s-Bridging-Header.h */ = {isa = PBXFileReference; lastKnownFileType = sourcecode.c.h; path = "m8s-Bridging-Header.h"; sourceTree = "<group>"; };
		B977BC0A1CBAA3BF00263F23 /* UIViewControllerExtensions.swift */ = {isa = PBXFileReference; fileEncoding = 4; lastKnownFileType = sourcecode.swift; path = UIViewControllerExtensions.swift; sourceTree = "<group>"; };
		B977BC0F1CBAA4BD00263F23 /* UIApplicationExtensions.swift */ = {isa = PBXFileReference; fileEncoding = 4; lastKnownFileType = sourcecode.swift; path = UIApplicationExtensions.swift; sourceTree = "<group>"; };
		B977BC111CBAA4FB00263F23 /* UIColorExtensions.swift */ = {isa = PBXFileReference; fileEncoding = 4; lastKnownFileType = sourcecode.swift; path = UIColorExtensions.swift; sourceTree = "<group>"; };
		B977BC131CBAA51100263F23 /* StringExtensions.swift */ = {isa = PBXFileReference; fileEncoding = 4; lastKnownFileType = sourcecode.swift; path = StringExtensions.swift; sourceTree = "<group>"; };
		B977BC151CBAAD3400263F23 /* SwipeViewController.swift */ = {isa = PBXFileReference; fileEncoding = 4; lastKnownFileType = sourcecode.swift; path = SwipeViewController.swift; sourceTree = "<group>"; };
		B977BC171CBAB0CD00263F23 /* ExSlideMenuController.swift */ = {isa = PBXFileReference; fileEncoding = 4; lastKnownFileType = sourcecode.swift; path = ExSlideMenuController.swift; sourceTree = "<group>"; };
		B977BC191CBAD05F00263F23 /* SettingsViewController.swift */ = {isa = PBXFileReference; fileEncoding = 4; lastKnownFileType = sourcecode.swift; path = SettingsViewController.swift; sourceTree = "<group>"; };
		B977BC1B1CBAD17300263F23 /* AboutViewController.swift */ = {isa = PBXFileReference; fileEncoding = 4; lastKnownFileType = sourcecode.swift; path = AboutViewController.swift; sourceTree = "<group>"; };
		B977BC1D1CBAD34500263F23 /* LoginViewController.swift */ = {isa = PBXFileReference; fileEncoding = 4; lastKnownFileType = sourcecode.swift; path = LoginViewController.swift; sourceTree = "<group>"; };
		B977BC1F1CBAD44200263F23 /* WhereViewController.swift */ = {isa = PBXFileReference; fileEncoding = 4; lastKnownFileType = sourcecode.swift; path = WhereViewController.swift; sourceTree = "<group>"; };
		B977BC211CBAD4AA00263F23 /* InviteFriendsViewController.swift */ = {isa = PBXFileReference; fileEncoding = 4; lastKnownFileType = sourcecode.swift; path = InviteFriendsViewController.swift; sourceTree = "<group>"; };
		B98ACE291CCFEDB4000A778C /* SwipingOverlayView.xib */ = {isa = PBXFileReference; fileEncoding = 4; lastKnownFileType = file.xib; path = SwipingOverlayView.xib; sourceTree = "<group>"; };
		B98ACE2B1CCFEE0C000A778C /* SwipingOverlayView.swift */ = {isa = PBXFileReference; fileEncoding = 4; lastKnownFileType = sourcecode.swift; path = SwipingOverlayView.swift; sourceTree = "<group>"; };
		B98ACE2D1CCFEF66000A778C /* SwipeCardView.xib */ = {isa = PBXFileReference; fileEncoding = 4; lastKnownFileType = file.xib; path = SwipeCardView.xib; sourceTree = "<group>"; };
		B98ACE2F1CCFF0F1000A778C /* SwipeCardView.swift */ = {isa = PBXFileReference; fileEncoding = 4; lastKnownFileType = sourcecode.swift; path = SwipeCardView.swift; sourceTree = "<group>"; };
		B98ACE351CCFF3EF000A778C /* SwipeCardCollectionViewCell.swift */ = {isa = PBXFileReference; fileEncoding = 4; lastKnownFileType = sourcecode.swift; path = SwipeCardCollectionViewCell.swift; sourceTree = "<group>"; };
		B98ACE361CCFF3EF000A778C /* SwipeCardCollectionViewCell.xib */ = {isa = PBXFileReference; fileEncoding = 4; lastKnownFileType = file.xib; path = SwipeCardCollectionViewCell.xib; sourceTree = "<group>"; };
		B9939F011CEE29B000454C25 /* GoogleService-Info.plist */ = {isa = PBXFileReference; fileEncoding = 4; lastKnownFileType = text.plist.xml; path = "GoogleService-Info.plist"; sourceTree = "<group>"; };
		B9939F051CEE496E00454C25 /* WhatItem.swift */ = {isa = PBXFileReference; fileEncoding = 4; lastKnownFileType = sourcecode.swift; path = WhatItem.swift; sourceTree = "<group>"; };
		B99A66961CBD6679006AB0F5 /* MenuHeaderView.swift */ = {isa = PBXFileReference; fileEncoding = 4; lastKnownFileType = sourcecode.swift; path = MenuHeaderView.swift; sourceTree = "<group>"; };
		B9B51D2B1CEF804E005350ED /* StorageService.swift */ = {isa = PBXFileReference; fileEncoding = 4; lastKnownFileType = sourcecode.swift; path = StorageService.swift; sourceTree = "<group>"; };
		B9B51D2D1CEF8077005350ED /* Image.swift */ = {isa = PBXFileReference; fileEncoding = 4; lastKnownFileType = sourcecode.swift; path = Image.swift; sourceTree = "<group>"; };
		B9B51D2F1CEF8775005350ED /* Subscription.swift */ = {isa = PBXFileReference; fileEncoding = 4; lastKnownFileType = sourcecode.swift; path = Subscription.swift; sourceTree = "<group>"; };
		B9DEFECF1CB16A210068A356 /* MenuViewController.swift */ = {isa = PBXFileReference; fileEncoding = 4; lastKnownFileType = sourcecode.swift; path = MenuViewController.swift; sourceTree = "<group>"; };
		D3A3B11D62372898AA098C59 /* Pods-m8s.debug.xcconfig */ = {isa = PBXFileReference; includeInIndex = 1; lastKnownFileType = text.xcconfig; name = "Pods-m8s.debug.xcconfig"; path = "Pods/Target Support Files/Pods-m8s/Pods-m8s.debug.xcconfig"; sourceTree = "<group>"; };
/* End PBXFileReference section */

/* Begin PBXFrameworksBuildPhase section */
		B972E11C1CAC50630004F3DC /* Frameworks */ = {
			isa = PBXFrameworksBuildPhase;
			buildActionMask = 2147483647;
			files = (
				7B65091BFE65EFA004FCF9AA /* Pods_m8s.framework in Frameworks */,
			);
			runOnlyForDeploymentPostprocessing = 0;
		};
		B972E1301CAC50630004F3DC /* Frameworks */ = {
			isa = PBXFrameworksBuildPhase;
			buildActionMask = 2147483647;
			files = (
			);
			runOnlyForDeploymentPostprocessing = 0;
		};
		B972E13B1CAC50630004F3DC /* Frameworks */ = {
			isa = PBXFrameworksBuildPhase;
			buildActionMask = 2147483647;
			files = (
			);
			runOnlyForDeploymentPostprocessing = 0;
		};
/* End PBXFrameworksBuildPhase section */

/* Begin PBXGroup section */
		13967FD01DC29CFFF729642A /* Pods */ = {
			isa = PBXGroup;
			children = (
				D3A3B11D62372898AA098C59 /* Pods-m8s.debug.xcconfig */,
				A14A6D4E5E855E0E902FD34F /* Pods-m8s.release.xcconfig */,
			);
			name = Pods;
			sourceTree = "<group>";
		};
		A65E8988632037204415915E /* Frameworks */ = {
			isa = PBXGroup;
			children = (
				3CD18FDD89725238FFD8A219 /* Pods_m8s.framework */,
			);
			name = Frameworks;
			sourceTree = "<group>";
		};
		B972E1161CAC50630004F3DC = {
			isa = PBXGroup;
			children = (
				B969D1C01CB5854F00A4ABD6 /* .gitignore */,
				B972E1211CAC50630004F3DC /* m8s */,
				B972E1361CAC50630004F3DC /* m8sTests */,
				B972E1411CAC50630004F3DC /* m8sUITests */,
				B972E1201CAC50630004F3DC /* Products */,
				13967FD01DC29CFFF729642A /* Pods */,
				A65E8988632037204415915E /* Frameworks */,
			);
			sourceTree = "<group>";
		};
		B972E1201CAC50630004F3DC /* Products */ = {
			isa = PBXGroup;
			children = (
				B972E11F1CAC50630004F3DC /* m8s.app */,
				B972E1331CAC50630004F3DC /* m8sTests.xctest */,
				B972E13E1CAC50630004F3DC /* m8sUITests.xctest */,
			);
			name = Products;
			sourceTree = "<group>";
		};
		B972E1211CAC50630004F3DC /* m8s */ = {
			isa = PBXGroup;
			children = (
				B9B51D2A1CEF803F005350ED /* Services */,
				B9939F041CEE495D00454C25 /* Models */,
				B977BC0C1CBAA3C300263F23 /* Extensions */,
				B9DEFECE1CB169300068A356 /* Layouts */,
				B9DEFECD1CB169260068A356 /* Cells */,
				B9DEFECC1CB1690E0068A356 /* Views */,
				B9DEFECB1CB169010068A356 /* Controllers */,
				B972E1621CAC556F0004F3DC /* Supporting Files */,
				B972E1221CAC50630004F3DC /* AppDelegate.swift */,
				B972E15C1CAC51150004F3DC /* Images.xcassets */,
			);
			path = m8s;
			sourceTree = "<group>";
		};
		B972E1361CAC50630004F3DC /* m8sTests */ = {
			isa = PBXGroup;
			children = (
				B972E1371CAC50630004F3DC /* m8sTests.swift */,
				B972E1391CAC50630004F3DC /* Info.plist */,
			);
			path = m8sTests;
			sourceTree = "<group>";
		};
		B972E1411CAC50630004F3DC /* m8sUITests */ = {
			isa = PBXGroup;
			children = (
				B972E1421CAC50630004F3DC /* m8sUITests.swift */,
				B972E1441CAC50630004F3DC /* Info.plist */,
			);
			path = m8sUITests;
			sourceTree = "<group>";
		};
		B972E1621CAC556F0004F3DC /* Supporting Files */ = {
			isa = PBXGroup;
			children = (
				B9939F011CEE29B000454C25 /* GoogleService-Info.plist */,
				B972E12E1CAC50630004F3DC /* Info.plist */,
				B972E1631CAC565F0004F3DC /* m8s-Bridging-Header.h */,
			);
			name = "Supporting Files";
			sourceTree = "<group>";
		};
		B977BC0C1CBAA3C300263F23 /* Extensions */ = {
			isa = PBXGroup;
			children = (
				B977BC0A1CBAA3BF00263F23 /* UIViewControllerExtensions.swift */,
				B977BC0F1CBAA4BD00263F23 /* UIApplicationExtensions.swift */,
				B977BC111CBAA4FB00263F23 /* UIColorExtensions.swift */,
				B977BC131CBAA51100263F23 /* StringExtensions.swift */,
				B910C31F1CF78E3B0059C7F4 /* IntExtensions.swift */,
			);
			name = Extensions;
			sourceTree = "<group>";
		};
		B9939F041CEE495D00454C25 /* Models */ = {
			isa = PBXGroup;
			children = (
				B9939F051CEE496E00454C25 /* WhatItem.swift */,
				B9B51D2D1CEF8077005350ED /* Image.swift */,
				B9B51D2F1CEF8775005350ED /* Subscription.swift */,
				B92A918A1CF61E1D00766340 /* WhenItem.swift */,
				B92A918C1CF61E2500766340 /* WhereItem.swift */,
				B92A918E1CF61ECA00766340 /* Preference.swift */,
				B92A91901CF61EF700766340 /* Plan.swift */,
				B910C31D1CF78AB40059C7F4 /* WherePreference.swift */,
				B910C3211CF7903A0059C7F4 /* WhenPreference.swift */,
				B910C3231CF7904A0059C7F4 /* WhatPreference.swift */,
			);
			name = Models;
			sourceTree = "<group>";
		};
		B9B51D2A1CEF803F005350ED /* Services */ = {
			isa = PBXGroup;
			children = (
				B9B51D2B1CEF804E005350ED /* StorageService.swift */,
				B92A91921CF62CBC00766340 /* UserService.swift */,
				B910C31B1CF77E240059C7F4 /* SlideMenuService.swift */,
			);
			name = Services;
			sourceTree = "<group>";
		};
		B9DEFECB1CB169010068A356 /* Controllers */ = {
			isa = PBXGroup;
			children = (
				B9DEFECF1CB16A210068A356 /* MenuViewController.swift */,
				B972E1521CAC50B30004F3DC /* WhenViewController.swift */,
				B969D1FD1CB599D500A4ABD6 /* WhatViewController.swift */,
				B977BC151CBAAD3400263F23 /* SwipeViewController.swift */,
				B977BC171CBAB0CD00263F23 /* ExSlideMenuController.swift */,
				B977BC191CBAD05F00263F23 /* SettingsViewController.swift */,
				B977BC1B1CBAD17300263F23 /* AboutViewController.swift */,
				B977BC1D1CBAD34500263F23 /* LoginViewController.swift */,
				B977BC1F1CBAD44200263F23 /* WhereViewController.swift */,
				B977BC211CBAD4AA00263F23 /* InviteFriendsViewController.swift */,
				B967FEA71CC3E43800C49707 /* LocationSearchTableViewController.swift */,
			);
			name = Controllers;
			sourceTree = "<group>";
		};
		B9DEFECC1CB1690E0068A356 /* Views */ = {
			isa = PBXGroup;
			children = (
				B972E1561CAC50C80004F3DC /* Main.storyboard */,
				B972E12B1CAC50630004F3DC /* LaunchScreen.storyboard */,
				B99A66961CBD6679006AB0F5 /* MenuHeaderView.swift */,
				B98ACE291CCFEDB4000A778C /* SwipingOverlayView.xib */,
				B98ACE2B1CCFEE0C000A778C /* SwipingOverlayView.swift */,
				B98ACE2D1CCFEF66000A778C /* SwipeCardView.xib */,
				B98ACE2F1CCFF0F1000A778C /* SwipeCardView.swift */,
				B98ACE351CCFF3EF000A778C /* SwipeCardCollectionViewCell.swift */,
				B98ACE361CCFF3EF000A778C /* SwipeCardCollectionViewCell.xib */,
			);
			name = Views;
			sourceTree = "<group>";
		};
		B9DEFECD1CB169260068A356 /* Cells */ = {
			isa = PBXGroup;
			children = (
				B972E1501CAC50B30004F3DC /* WhenCollectionViewCell.swift */,
				B969D1FB1CB597C400A4ABD6 /* ImageCollectionViewCell.swift */,
				B94F35401CC039490049DEA6 /* WhatCollectionViewCell.swift */,
				B967FEA91CC401EA00C49707 /* WhereCollectionViewCell.swift */,
			);
			name = Cells;
			sourceTree = "<group>";
		};
		B9DEFECE1CB169300068A356 /* Layouts */ = {
			isa = PBXGroup;
			children = (
				B972E1511CAC50B30004F3DC /* ImageCollectionViewLayout.swift */,
			);
			name = Layouts;
			sourceTree = "<group>";
		};
/* End PBXGroup section */

/* Begin PBXNativeTarget section */
		B972E11E1CAC50630004F3DC /* m8s */ = {
			isa = PBXNativeTarget;
			buildConfigurationList = B972E1471CAC50630004F3DC /* Build configuration list for PBXNativeTarget "m8s" */;
			buildPhases = (
				9624847279234F3C9B2FF0A1 /* 📦 Check Pods Manifest.lock */,
				8A11C397DAAB3D1DD6519028 /* uD83DuDCE6 Check Pods Manifest.lock */,
				B972E11B1CAC50630004F3DC /* Sources */,
				B972E11C1CAC50630004F3DC /* Frameworks */,
				B972E11D1CAC50630004F3DC /* Resources */,
				8BCBB80881DB432C48285F11 /* uD83DuDCE6 Embed Pods Frameworks */,
				724206C131E6EF383FC696F7 /* uD83DuDCE6 Copy Pods Resources */,
				62743706D1E956018E6E3922 /* 📦 Embed Pods Frameworks */,
				6149A26A9F4253055A22CC66 /* 📦 Copy Pods Resources */,
			);
			buildRules = (
			);
			dependencies = (
			);
			name = m8s;
			productName = m8s;
			productReference = B972E11F1CAC50630004F3DC /* m8s.app */;
			productType = "com.apple.product-type.application";
		};
		B972E1321CAC50630004F3DC /* m8sTests */ = {
			isa = PBXNativeTarget;
			buildConfigurationList = B972E14A1CAC50630004F3DC /* Build configuration list for PBXNativeTarget "m8sTests" */;
			buildPhases = (
				B972E12F1CAC50630004F3DC /* Sources */,
				B972E1301CAC50630004F3DC /* Frameworks */,
				B972E1311CAC50630004F3DC /* Resources */,
			);
			buildRules = (
			);
			dependencies = (
				B972E1351CAC50630004F3DC /* PBXTargetDependency */,
			);
			name = m8sTests;
			productName = m8sTests;
			productReference = B972E1331CAC50630004F3DC /* m8sTests.xctest */;
			productType = "com.apple.product-type.bundle.unit-test";
		};
		B972E13D1CAC50630004F3DC /* m8sUITests */ = {
			isa = PBXNativeTarget;
			buildConfigurationList = B972E14D1CAC50630004F3DC /* Build configuration list for PBXNativeTarget "m8sUITests" */;
			buildPhases = (
				B972E13A1CAC50630004F3DC /* Sources */,
				B972E13B1CAC50630004F3DC /* Frameworks */,
				B972E13C1CAC50630004F3DC /* Resources */,
			);
			buildRules = (
			);
			dependencies = (
				B972E1401CAC50630004F3DC /* PBXTargetDependency */,
			);
			name = m8sUITests;
			productName = m8sUITests;
			productReference = B972E13E1CAC50630004F3DC /* m8sUITests.xctest */;
			productType = "com.apple.product-type.bundle.ui-testing";
		};
/* End PBXNativeTarget section */

/* Begin PBXProject section */
		B972E1171CAC50630004F3DC /* Project object */ = {
			isa = PBXProject;
			attributes = {
				LastSwiftUpdateCheck = 0730;
				LastUpgradeCheck = 0730;
				ORGANIZATIONNAME = "George Allen";
				TargetAttributes = {
					B972E11E1CAC50630004F3DC = {
						CreatedOnToolsVersion = 7.3;
						DevelopmentTeam = U27Q285JYN;
					};
					B972E1321CAC50630004F3DC = {
						CreatedOnToolsVersion = 7.3;
						TestTargetID = B972E11E1CAC50630004F3DC;
					};
					B972E13D1CAC50630004F3DC = {
						CreatedOnToolsVersion = 7.3;
						TestTargetID = B972E11E1CAC50630004F3DC;
					};
				};
			};
			buildConfigurationList = B972E11A1CAC50630004F3DC /* Build configuration list for PBXProject "m8s" */;
			compatibilityVersion = "Xcode 3.2";
			developmentRegion = English;
			hasScannedForEncodings = 0;
			knownRegions = (
				en,
				Base,
			);
			mainGroup = B972E1161CAC50630004F3DC;
			productRefGroup = B972E1201CAC50630004F3DC /* Products */;
			projectDirPath = "";
			projectRoot = "";
			targets = (
				B972E11E1CAC50630004F3DC /* m8s */,
				B972E1321CAC50630004F3DC /* m8sTests */,
				B972E13D1CAC50630004F3DC /* m8sUITests */,
			);
		};
/* End PBXProject section */

/* Begin PBXResourcesBuildPhase section */
		B972E11D1CAC50630004F3DC /* Resources */ = {
			isa = PBXResourcesBuildPhase;
			buildActionMask = 2147483647;
			files = (
				B98ACE2A1CCFEDB4000A778C /* SwipingOverlayView.xib in Resources */,
				B9939F021CEE29B000454C25 /* GoogleService-Info.plist in Resources */,
				B969D1C11CB5854F00A4ABD6 /* .gitignore in Resources */,
				B972E15D1CAC51150004F3DC /* Images.xcassets in Resources */,
				B972E12D1CAC50630004F3DC /* LaunchScreen.storyboard in Resources */,
				B972E1571CAC50C80004F3DC /* Main.storyboard in Resources */,
				B98ACE381CCFF3EF000A778C /* SwipeCardCollectionViewCell.xib in Resources */,
				B98ACE2E1CCFEF66000A778C /* SwipeCardView.xib in Resources */,
			);
			runOnlyForDeploymentPostprocessing = 0;
		};
		B972E1311CAC50630004F3DC /* Resources */ = {
			isa = PBXResourcesBuildPhase;
			buildActionMask = 2147483647;
			files = (
			);
			runOnlyForDeploymentPostprocessing = 0;
		};
		B972E13C1CAC50630004F3DC /* Resources */ = {
			isa = PBXResourcesBuildPhase;
			buildActionMask = 2147483647;
			files = (
			);
			runOnlyForDeploymentPostprocessing = 0;
		};
/* End PBXResourcesBuildPhase section */

/* Begin PBXShellScriptBuildPhase section */
		6149A26A9F4253055A22CC66 /* 📦 Copy Pods Resources */ = {
			isa = PBXShellScriptBuildPhase;
			buildActionMask = 2147483647;
			files = (
			);
			inputPaths = (
			);
			name = "📦 Copy Pods Resources";
			outputPaths = (
			);
			runOnlyForDeploymentPostprocessing = 0;
			shellPath = /bin/sh;
			shellScript = "\"${SRCROOT}/Pods/Target Support Files/Pods-m8s/Pods-m8s-resources.sh\"\n";
			showEnvVarsInLog = 0;
		};
		62743706D1E956018E6E3922 /* 📦 Embed Pods Frameworks */ = {
			isa = PBXShellScriptBuildPhase;
			buildActionMask = 2147483647;
			files = (
			);
			inputPaths = (
			);
			name = "📦 Embed Pods Frameworks";
			outputPaths = (
			);
			runOnlyForDeploymentPostprocessing = 0;
			shellPath = /bin/sh;
			shellScript = "\"${SRCROOT}/Pods/Target Support Files/Pods-m8s/Pods-m8s-frameworks.sh\"\n";
			showEnvVarsInLog = 0;
		};
		724206C131E6EF383FC696F7 /* uD83DuDCE6 Copy Pods Resources */ = {
			isa = PBXShellScriptBuildPhase;
			buildActionMask = 2147483647;
			files = (
			);
			inputPaths = (
			);
			name = "uD83DuDCE6 Copy Pods Resources";
			outputPaths = (
			);
			runOnlyForDeploymentPostprocessing = 0;
			shellPath = /bin/sh;
			shellScript = "\"${SRCROOT}/Pods/Target Support Files/Pods-m8s/Pods-m8s-resources.sh\"\n";
			showEnvVarsInLog = 0;
		};
		8A11C397DAAB3D1DD6519028 /* uD83DuDCE6 Check Pods Manifest.lock */ = {
			isa = PBXShellScriptBuildPhase;
			buildActionMask = 2147483647;
			files = (
			);
			inputPaths = (
			);
			name = "uD83DuDCE6 Check Pods Manifest.lock";
			outputPaths = (
			);
			runOnlyForDeploymentPostprocessing = 0;
			shellPath = /bin/sh;
			shellScript = "diff \"${PODS_ROOT}/../Podfile.lock\" \"${PODS_ROOT}/Manifest.lock\" > /dev/null\nif [[ $? != 0 ]] ; then\n    cat << EOM\nerror: The sandbox is not in sync with the Podfile.lock. Run 'pod install' or update your CocoaPods installation.\nEOM\n    exit 1\nfi\n";
			showEnvVarsInLog = 0;
		};
		8BCBB80881DB432C48285F11 /* uD83DuDCE6 Embed Pods Frameworks */ = {
			isa = PBXShellScriptBuildPhase;
			buildActionMask = 2147483647;
			files = (
			);
			inputPaths = (
			);
			name = "uD83DuDCE6 Embed Pods Frameworks";
			outputPaths = (
			);
			runOnlyForDeploymentPostprocessing = 0;
			shellPath = /bin/sh;
			shellScript = "\"${SRCROOT}/Pods/Target Support Files/Pods-m8s/Pods-m8s-frameworks.sh\"\n";
			showEnvVarsInLog = 0;
		};
		9624847279234F3C9B2FF0A1 /* 📦 Check Pods Manifest.lock */ = {
			isa = PBXShellScriptBuildPhase;
			buildActionMask = 2147483647;
			files = (
			);
			inputPaths = (
			);
			name = "📦 Check Pods Manifest.lock";
			outputPaths = (
			);
			runOnlyForDeploymentPostprocessing = 0;
			shellPath = /bin/sh;
			shellScript = "diff \"${PODS_ROOT}/../Podfile.lock\" \"${PODS_ROOT}/Manifest.lock\" > /dev/null\nif [[ $? != 0 ]] ; then\n    cat << EOM\nerror: The sandbox is not in sync with the Podfile.lock. Run 'pod install' or update your CocoaPods installation.\nEOM\n    exit 1\nfi\n";
			showEnvVarsInLog = 0;
		};
/* End PBXShellScriptBuildPhase section */

/* Begin PBXSourcesBuildPhase section */
		B972E11B1CAC50630004F3DC /* Sources */ = {
			isa = PBXSourcesBuildPhase;
			buildActionMask = 2147483647;
			files = (
				B972E1551CAC50B30004F3DC /* WhenViewController.swift in Sources */,
				B910C3201CF78E3B0059C7F4 /* IntExtensions.swift in Sources */,
				B969D1FE1CB599D500A4ABD6 /* WhatViewController.swift in Sources */,
				B977BC1C1CBAD17300263F23 /* AboutViewController.swift in Sources */,
				B910C31C1CF77E240059C7F4 /* SlideMenuService.swift in Sources */,
				B977BC1E1CBAD34500263F23 /* LoginViewController.swift in Sources */,
				B9B51D2E1CEF8077005350ED /* Image.swift in Sources */,
				B910C31E1CF78AB40059C7F4 /* WherePreference.swift in Sources */,
				B967FEA81CC3E43800C49707 /* LocationSearchTableViewController.swift in Sources */,
				B92A91931CF62CBC00766340 /* UserService.swift in Sources */,
				B977BC1A1CBAD05F00263F23 /* SettingsViewController.swift in Sources */,
				B98ACE301CCFF0F1000A778C /* SwipeCardView.swift in Sources */,
				B977BC101CBAA4BD00263F23 /* UIApplicationExtensions.swift in Sources */,
				B98ACE2C1CCFEE0C000A778C /* SwipingOverlayView.swift in Sources */,
				B92A918F1CF61ECA00766340 /* Preference.swift in Sources */,
				B977BC221CBAD4AA00263F23 /* InviteFriendsViewController.swift in Sources */,
				B967FEAA1CC401EA00C49707 /* WhereCollectionViewCell.swift in Sources */,
				B9B51D301CEF8775005350ED /* Subscription.swift in Sources */,
				B910C3241CF7904A0059C7F4 /* WhatPreference.swift in Sources */,
				B972E1541CAC50B30004F3DC /* ImageCollectionViewLayout.swift in Sources */,
				B977BC181CBAB0CD00263F23 /* ExSlideMenuController.swift in Sources */,
				B9B51D2C1CEF804E005350ED /* StorageService.swift in Sources */,
				B92A918B1CF61E1D00766340 /* WhenItem.swift in Sources */,
				B9DEFED01CB16A210068A356 /* MenuViewController.swift in Sources */,
				B98ACE371CCFF3EF000A778C /* SwipeCardCollectionViewCell.swift in Sources */,
				B977BC0B1CBAA3BF00263F23 /* UIViewControllerExtensions.swift in Sources */,
				B977BC121CBAA4FB00263F23 /* UIColorExtensions.swift in Sources */,
				B92A918D1CF61E2500766340 /* WhereItem.swift in Sources */,
				B977BC161CBAAD3400263F23 /* SwipeViewController.swift in Sources */,
				B9939F061CEE496E00454C25 /* WhatItem.swift in Sources */,
				B969D1FC1CB597C400A4ABD6 /* ImageCollectionViewCell.swift in Sources */,
				B910C3221CF7903A0059C7F4 /* WhenPreference.swift in Sources */,
				B92A91911CF61EF700766340 /* Plan.swift in Sources */,
				B99A66971CBD6679006AB0F5 /* MenuHeaderView.swift in Sources */,
				B972E1531CAC50B30004F3DC /* WhenCollectionViewCell.swift in Sources */,
				B972E1231CAC50630004F3DC /* AppDelegate.swift in Sources */,
				B94F35411CC039490049DEA6 /* WhatCollectionViewCell.swift in Sources */,
				B977BC201CBAD44200263F23 /* WhereViewController.swift in Sources */,
				B977BC141CBAA51100263F23 /* StringExtensions.swift in Sources */,
			);
			runOnlyForDeploymentPostprocessing = 0;
		};
		B972E12F1CAC50630004F3DC /* Sources */ = {
			isa = PBXSourcesBuildPhase;
			buildActionMask = 2147483647;
			files = (
				B972E1381CAC50630004F3DC /* m8sTests.swift in Sources */,
			);
			runOnlyForDeploymentPostprocessing = 0;
		};
		B972E13A1CAC50630004F3DC /* Sources */ = {
			isa = PBXSourcesBuildPhase;
			buildActionMask = 2147483647;
			files = (
				B972E1431CAC50630004F3DC /* m8sUITests.swift in Sources */,
			);
			runOnlyForDeploymentPostprocessing = 0;
		};
/* End PBXSourcesBuildPhase section */

/* Begin PBXTargetDependency section */
		B972E1351CAC50630004F3DC /* PBXTargetDependency */ = {
			isa = PBXTargetDependency;
			target = B972E11E1CAC50630004F3DC /* m8s */;
			targetProxy = B972E1341CAC50630004F3DC /* PBXContainerItemProxy */;
		};
		B972E1401CAC50630004F3DC /* PBXTargetDependency */ = {
			isa = PBXTargetDependency;
			target = B972E11E1CAC50630004F3DC /* m8s */;
			targetProxy = B972E13F1CAC50630004F3DC /* PBXContainerItemProxy */;
		};
/* End PBXTargetDependency section */

/* Begin PBXVariantGroup section */
		B972E12B1CAC50630004F3DC /* LaunchScreen.storyboard */ = {
			isa = PBXVariantGroup;
			children = (
				B972E12C1CAC50630004F3DC /* Base */,
			);
			name = LaunchScreen.storyboard;
			sourceTree = "<group>";
		};
/* End PBXVariantGroup section */

/* Begin XCBuildConfiguration section */
		B972E1451CAC50630004F3DC /* Debug */ = {
			isa = XCBuildConfiguration;
			buildSettings = {
				ALWAYS_SEARCH_USER_PATHS = NO;
				CLANG_ANALYZER_NONNULL = YES;
				CLANG_CXX_LANGUAGE_STANDARD = "gnu++0x";
				CLANG_CXX_LIBRARY = "libc++";
				CLANG_ENABLE_MODULES = YES;
				CLANG_ENABLE_OBJC_ARC = YES;
				CLANG_WARN_BOOL_CONVERSION = YES;
				CLANG_WARN_CONSTANT_CONVERSION = YES;
				CLANG_WARN_DIRECT_OBJC_ISA_USAGE = YES_ERROR;
				CLANG_WARN_EMPTY_BODY = YES;
				CLANG_WARN_ENUM_CONVERSION = YES;
				CLANG_WARN_INT_CONVERSION = YES;
				CLANG_WARN_OBJC_ROOT_CLASS = YES_ERROR;
				CLANG_WARN_UNREACHABLE_CODE = YES;
				CLANG_WARN__DUPLICATE_METHOD_MATCH = YES;
				"CODE_SIGN_IDENTITY[sdk=iphoneos*]" = "iPhone Developer";
				COPY_PHASE_STRIP = NO;
				DEBUG_INFORMATION_FORMAT = dwarf;
				ENABLE_STRICT_OBJC_MSGSEND = YES;
				ENABLE_TESTABILITY = YES;
				GCC_C_LANGUAGE_STANDARD = gnu99;
				GCC_DYNAMIC_NO_PIC = NO;
				GCC_NO_COMMON_BLOCKS = YES;
				GCC_OPTIMIZATION_LEVEL = 0;
				GCC_PREPROCESSOR_DEFINITIONS = (
					"DEBUG=1",
					"$(inherited)",
				);
				GCC_WARN_64_TO_32_BIT_CONVERSION = YES;
				GCC_WARN_ABOUT_RETURN_TYPE = YES_ERROR;
				GCC_WARN_UNDECLARED_SELECTOR = YES;
				GCC_WARN_UNINITIALIZED_AUTOS = YES_AGGRESSIVE;
				GCC_WARN_UNUSED_FUNCTION = YES;
				GCC_WARN_UNUSED_VARIABLE = YES;
				IPHONEOS_DEPLOYMENT_TARGET = 9.3;
				MTL_ENABLE_DEBUG_INFO = YES;
				ONLY_ACTIVE_ARCH = YES;
				SDKROOT = iphoneos;
				SWIFT_OPTIMIZATION_LEVEL = "-Onone";
				TARGETED_DEVICE_FAMILY = "1,2";
			};
			name = Debug;
		};
		B972E1461CAC50630004F3DC /* Release */ = {
			isa = XCBuildConfiguration;
			buildSettings = {
				ALWAYS_SEARCH_USER_PATHS = NO;
				CLANG_ANALYZER_NONNULL = YES;
				CLANG_CXX_LANGUAGE_STANDARD = "gnu++0x";
				CLANG_CXX_LIBRARY = "libc++";
				CLANG_ENABLE_MODULES = YES;
				CLANG_ENABLE_OBJC_ARC = YES;
				CLANG_WARN_BOOL_CONVERSION = YES;
				CLANG_WARN_CONSTANT_CONVERSION = YES;
				CLANG_WARN_DIRECT_OBJC_ISA_USAGE = YES_ERROR;
				CLANG_WARN_EMPTY_BODY = YES;
				CLANG_WARN_ENUM_CONVERSION = YES;
				CLANG_WARN_INT_CONVERSION = YES;
				CLANG_WARN_OBJC_ROOT_CLASS = YES_ERROR;
				CLANG_WARN_UNREACHABLE_CODE = YES;
				CLANG_WARN__DUPLICATE_METHOD_MATCH = YES;
				"CODE_SIGN_IDENTITY[sdk=iphoneos*]" = "iPhone Developer";
				COPY_PHASE_STRIP = NO;
				DEBUG_INFORMATION_FORMAT = "dwarf-with-dsym";
				ENABLE_NS_ASSERTIONS = NO;
				ENABLE_STRICT_OBJC_MSGSEND = YES;
				GCC_C_LANGUAGE_STANDARD = gnu99;
				GCC_NO_COMMON_BLOCKS = YES;
				GCC_WARN_64_TO_32_BIT_CONVERSION = YES;
				GCC_WARN_ABOUT_RETURN_TYPE = YES_ERROR;
				GCC_WARN_UNDECLARED_SELECTOR = YES;
				GCC_WARN_UNINITIALIZED_AUTOS = YES_AGGRESSIVE;
				GCC_WARN_UNUSED_FUNCTION = YES;
				GCC_WARN_UNUSED_VARIABLE = YES;
				IPHONEOS_DEPLOYMENT_TARGET = 9.3;
				MTL_ENABLE_DEBUG_INFO = NO;
				SDKROOT = iphoneos;
				TARGETED_DEVICE_FAMILY = "1,2";
				VALIDATE_PRODUCT = YES;
			};
			name = Release;
		};
		B972E1481CAC50630004F3DC /* Debug */ = {
			isa = XCBuildConfiguration;
			baseConfigurationReference = D3A3B11D62372898AA098C59 /* Pods-m8s.debug.xcconfig */;
			buildSettings = {
				ASSETCATALOG_COMPILER_APPICON_NAME = AppIcon;
				ASSETCATALOG_COMPILER_LAUNCHIMAGE_NAME = "Brand Assets";
				CLANG_ENABLE_MODULES = YES;
				CODE_SIGN_IDENTITY = "iPhone Developer";
				FRAMEWORK_SEARCH_PATHS = (
					"$(inherited)",
					"$(PROJECT_DIR)",
				);
				INFOPLIST_FILE = m8s/Info.plist;
				IPHONEOS_DEPLOYMENT_TARGET = 9.0;
				LD_RUNPATH_SEARCH_PATHS = "$(inherited) @executable_path/Frameworks";
				PRODUCT_BUNDLE_IDENTIFIER = com.allen.george.m8s;
				PRODUCT_NAME = "$(TARGET_NAME)";
				SWIFT_OBJC_BRIDGING_HEADER = "m8s/m8s-Bridging-Header.h";
				SWIFT_OPTIMIZATION_LEVEL = "-Onone";
			};
			name = Debug;
		};
		B972E1491CAC50630004F3DC /* Release */ = {
			isa = XCBuildConfiguration;
			baseConfigurationReference = A14A6D4E5E855E0E902FD34F /* Pods-m8s.release.xcconfig */;
			buildSettings = {
				ASSETCATALOG_COMPILER_APPICON_NAME = AppIcon;
				ASSETCATALOG_COMPILER_LAUNCHIMAGE_NAME = "Brand Assets";
				CLANG_ENABLE_MODULES = YES;
				CODE_SIGN_IDENTITY = "iPhone Developer";
				FRAMEWORK_SEARCH_PATHS = (
					"$(inherited)",
					"$(PROJECT_DIR)",
				);
				INFOPLIST_FILE = m8s/Info.plist;
				IPHONEOS_DEPLOYMENT_TARGET = 9.0;
				LD_RUNPATH_SEARCH_PATHS = "$(inherited) @executable_path/Frameworks";
				PRODUCT_BUNDLE_IDENTIFIER = com.allen.george.m8s;
				PRODUCT_NAME = "$(TARGET_NAME)";
				SWIFT_OBJC_BRIDGING_HEADER = "m8s/m8s-Bridging-Header.h";
			};
			name = Release;
		};
		B972E14B1CAC50630004F3DC /* Debug */ = {
			isa = XCBuildConfiguration;
			buildSettings = {
				BUNDLE_LOADER = "$(TEST_HOST)";
				INFOPLIST_FILE = m8sTests/Info.plist;
				LD_RUNPATH_SEARCH_PATHS = "$(inherited) @executable_path/Frameworks @loader_path/Frameworks";
				PRODUCT_BUNDLE_IDENTIFIER = "George-Allen.m8sTests";
				PRODUCT_NAME = "$(TARGET_NAME)";
				TEST_HOST = "$(BUILT_PRODUCTS_DIR)/m8s.app/m8s";
			};
			name = Debug;
		};
		B972E14C1CAC50630004F3DC /* Release */ = {
			isa = XCBuildConfiguration;
			buildSettings = {
				BUNDLE_LOADER = "$(TEST_HOST)";
				INFOPLIST_FILE = m8sTests/Info.plist;
				LD_RUNPATH_SEARCH_PATHS = "$(inherited) @executable_path/Frameworks @loader_path/Frameworks";
				PRODUCT_BUNDLE_IDENTIFIER = "George-Allen.m8sTests";
				PRODUCT_NAME = "$(TARGET_NAME)";
				TEST_HOST = "$(BUILT_PRODUCTS_DIR)/m8s.app/m8s";
			};
			name = Release;
		};
		B972E14E1CAC50630004F3DC /* Debug */ = {
			isa = XCBuildConfiguration;
			buildSettings = {
				INFOPLIST_FILE = m8sUITests/Info.plist;
				LD_RUNPATH_SEARCH_PATHS = "$(inherited) @executable_path/Frameworks @loader_path/Frameworks";
				PRODUCT_BUNDLE_IDENTIFIER = "George-Allen.m8sUITests";
				PRODUCT_NAME = "$(TARGET_NAME)";
				TEST_TARGET_NAME = m8s;
			};
			name = Debug;
		};
		B972E14F1CAC50630004F3DC /* Release */ = {
			isa = XCBuildConfiguration;
			buildSettings = {
				INFOPLIST_FILE = m8sUITests/Info.plist;
				LD_RUNPATH_SEARCH_PATHS = "$(inherited) @executable_path/Frameworks @loader_path/Frameworks";
				PRODUCT_BUNDLE_IDENTIFIER = "George-Allen.m8sUITests";
				PRODUCT_NAME = "$(TARGET_NAME)";
				TEST_TARGET_NAME = m8s;
			};
			name = Release;
		};
/* End XCBuildConfiguration section */

/* Begin XCConfigurationList section */
		B972E11A1CAC50630004F3DC /* Build configuration list for PBXProject "m8s" */ = {
			isa = XCConfigurationList;
			buildConfigurations = (
				B972E1451CAC50630004F3DC /* Debug */,
				B972E1461CAC50630004F3DC /* Release */,
			);
			defaultConfigurationIsVisible = 0;
			defaultConfigurationName = Release;
		};
		B972E1471CAC50630004F3DC /* Build configuration list for PBXNativeTarget "m8s" */ = {
			isa = XCConfigurationList;
			buildConfigurations = (
				B972E1481CAC50630004F3DC /* Debug */,
				B972E1491CAC50630004F3DC /* Release */,
			);
			defaultConfigurationIsVisible = 0;
			defaultConfigurationName = Release;
		};
		B972E14A1CAC50630004F3DC /* Build configuration list for PBXNativeTarget "m8sTests" */ = {
			isa = XCConfigurationList;
			buildConfigurations = (
				B972E14B1CAC50630004F3DC /* Debug */,
				B972E14C1CAC50630004F3DC /* Release */,
			);
			defaultConfigurationIsVisible = 0;
			defaultConfigurationName = Release;
		};
		B972E14D1CAC50630004F3DC /* Build configuration list for PBXNativeTarget "m8sUITests" */ = {
			isa = XCConfigurationList;
			buildConfigurations = (
				B972E14E1CAC50630004F3DC /* Debug */,
				B972E14F1CAC50630004F3DC /* Release */,
			);
			defaultConfigurationIsVisible = 0;
			defaultConfigurationName = Release;
		};
/* End XCConfigurationList section */
	};
	rootObject = B972E1171CAC50630004F3DC /* Project object */;
}
